github.com/go-andiamo/aitch v1.4.5 h1:AG8DVbBg/NtrbXxCIwnKNWUeMAlfZVp1PCzxmU3gGX8=
github.com/go-andiamo/aitch v1.4.5/go.mod h1:MRKizCFJiZ4Q0ltZxKUg44+M6wEm6iqilb71dML8TPI=
github.com/go-andiamo/chioas v1.16.6/go.mod h1:5ZZYYuGwlF/amxErKFUu3eXz6hZ5GEYu5vCk+Guw+uc=
github.com/go-andiamo/chioas v1.17.0 h1:45yAHU+irEI3fVvcMXPZ9exwjZZ45hUBH7ptwbRc5vc=
github.com/go-andiamo/chioas v1.17.0/go.mod h1:kKI07KFIFBHrz95dDT595mXu+k6vFOGuidEmVN7NJAY=
github.com/go-andiamo/chioas v1.17.1 h1:3WZUNsnodsTqGN2v9rFTOp2p5b9bJ95X6L/oH0lcFaI=
github.com/go-andiamo/chioas v1.17.1/go.mod h1:kKI07KFIFBHrz95dDT595mXu+k6vFOGuidEmVN7NJAY=
github.com/go-andiamo/httperr v1.1.0 h1:B3wmFsGrrDwn9CLb+Sb2r6AtpH3rrxrgzzh0oqRaWJE=
github.com/go-andiamo/httperr v1.1.0/go.mod h1:pS8gozYTa9WDhOXKpy0Z8N42U70awODLcQ6GSzis7wE=
github.com/go-andiamo/splitter v1.2.5 h1:P3NovWMY2V14TJJSolXBvlOmGSZo3Uz+LtTl2bsV/eY=
github.com/go-andiamo/splitter v1.2.5/go.mod h1:8WHU24t9hcMKU5FXDQb1hysSEC/GPuivIp0uKY1J8gw=
github.com/go-andiamo/urit v1.2.1 h1:5JHJb+TuzuGvXw9Y/LK/lQltCL2gpgHkCznI2vv9ZeY=
github.com/go-andiamo/urit v1.2.1/go.mod h1:9kgXBxUPHFZvXwlOPN1GimDuHl+JCfQuetN5nxBNlpQ=
github.com/go-chi/chi/v5 v5.2.2 h1:CMwsvRVTbXVytCk1Wd72Zy1LAsAh9GxMmSNWLHCG618=
github.com/go-chi/chi/v5 v5.2.2/go.mod h1:L2yAIGWB3H+phAw1NxKwWM+7eUH/lU8pOMm5hHcoops=
github.com/google/uuid v1.6.0 h1:NIvaJDMOsjHA8n1jAhLSgzrAzy1Hgr+hNrb57e+94F0=
github.com/google/uuid v1.6.0/go.mod h1:TIyPZe4MgqvfeYDBFedMoGGpEw/LqOeaOT+nhxU+yHo=
go.yaml.in/yaml/v2 v2.4.2 h1:DzmwEr2rDGHl7lsFgAHxmNz/1NlQ7xLIrlN2h5d1eGI=
go.yaml.in/yaml/v2 v2.4.2/go.mod h1:081UH+NErpNdqlCXm3TtEran0rJZGxAYx9hb/ELlsPU=
golang.org/x/exp v0.0.0-20230626212559-97b1e661b5df h1:UA2aFVmmsIlefxMk29Dp2juaUSth8Pyn3Tq5Y5mJGME=
golang.org/x/exp v0.0.0-20230626212559-97b1e661b5df/go.mod h1:FXUEEKJgO7OQYeo8N01OfiKP8RXMtf6e8aTskBGqWdc=
golang.org/x/net v0.37.0 h1:1zLorHbz+LYj7MQlSf1+2tPIIgibq2eL5xkrGk6f+2c=
golang.org/x/net v0.37.0/go.mod h1:ivrbrMbzFq5J41QOQh0siUuly180yBYtLp+CKbEaFx8=
gopkg.in/check.v1 v0.0.0-20161208181325-20d25e280405/go.mod h1:Co6ibVJAznAaIkqp8huTwlJQCZ016jof/cbN4VW5Yz0=
gopkg.in/yaml.v3 v3.0.1 h1:fxVm/GzAzEWqLHuvctI91KS9hhNmmWOoWu0XTYJS7CA=
gopkg.in/yaml.v3 v3.0.1/go.mod h1:K4uyk7z7BCEPqu6E+C64Yfv1cQ7kz7rIZviUmN+EgEM=
sigs.k8s.io/yaml v1.6.0 h1:G8fkbMSAFqgEFgh4b1wmtzDnioxFCUgTZhlbj5P9QYs=
sigs.k8s.io/yaml v1.6.0/go.mod h1:796bPqUfzR/0jLAl6XjHl3Ck7MiyVv8dbTdyT3/pMf4=
